
Microsoft Visual Studio Solution File, Format Version 12.00
# Visual Studio 14
VisualStudioVersion = 14.0.24720.0
MinimumVisualStudioVersion = 10.0.40219.1
Project("{2150E333-8FDC-42A3-9474-1A3956D46DE8}") = "Solution Items", "Solution Items", "{66D3789E-4D78-4B22-950E-0E55FDCEE0CD}"
	ProjectSection(SolutionItems) = preProject
		package.json = package.json
		README.md = README.md
		server.js = server.js
	EndProjectSection
EndProject
Project("{2150E333-8FDC-42A3-9474-1A3956D46DE8}") = "private", "private", "{5A558344-6013-4158-BA2F-9DE2505B51D6}"
	ProjectSection(SolutionItems) = preProject
		private\users.json = private\users.json
	EndProjectSection
EndProject
Project("{2150E333-8FDC-42A3-9474-1A3956D46DE8}") = "public", "public", "{EE855232-69C3-4A63-BE6A-D62E7B365320}"
	ProjectSection(SolutionItems) = preProject
		public\404.html = public\404.html
		public\index.js = public\index.js
		public\modalpopup.css = public\modalpopup.css
		public\store-class-info.js = public\store-class-info.js
		public\store-user-info.js = public\store-user-info.js
		public\style.css = public\style.css
		public\validate-user-login.js = public\validate-user-login.js
	EndProjectSection
EndProject
Project("{2150E333-8FDC-42A3-9474-1A3956D46DE8}") = "images", "images", "{8F426DBF-043C-4004-ADE3-CA77C6B8AB92}"
	ProjectSection(SolutionItems) = preProject
		public\images\geo-back.png = public\images\geo-back.png
	EndProjectSection
EndProject
Project("{2150E333-8FDC-42A3-9474-1A3956D46DE8}") = "views", "views", "{9E8185BA-F67D-4D97-BBCF-667CD23F3C11}"
	ProjectSection(SolutionItems) = preProject
		views\404-page.handlebars = views\404-page.handlebars
		views\index-page.handlebars = views\index-page.handlebars
		views\user-list.handlebars = views\user-list.handlebars
		views\user-page.handlebars = views\user-page.handlebars
	EndProjectSection
EndProject
Project("{2150E333-8FDC-42A3-9474-1A3956D46DE8}") = "layouts", "layouts", "{97553E41-DD1C-4B6E-AD62-0DCA8D0FC811}"
	ProjectSection(SolutionItems) = preProject
		views\layouts\main.handlebars = views\layouts\main.handlebars
	EndProjectSection
EndProject
Project("{2150E333-8FDC-42A3-9474-1A3956D46DE8}") = "partials", "partials", "{A8699EBC-6D08-4C62-BF88-833BB91178B5}"
	ProjectSection(SolutionItems) = preProject
		views\partials\header.handlebars = views\partials\header.handlebars
		views\partials\register-user-modal.handlebars = views\partials\register-user-modal.handlebars
		views\partials\user-class-modal.handlebars = views\partials\user-class-modal.handlebars
		views\partials\user-classes.handlebars = views\partials\user-classes.handlebars
		views\partials\user-link.handlebars = views\partials\user-link.handlebars
	EndProjectSection
EndProject
Global
	GlobalSection(SolutionProperties) = preSolution
		HideSolutionNode = FALSE
	EndGlobalSection
	GlobalSection(NestedProjects) = preSolution
		{5A558344-6013-4158-BA2F-9DE2505B51D6} = {66D3789E-4D78-4B22-950E-0E55FDCEE0CD}
		{EE855232-69C3-4A63-BE6A-D62E7B365320} = {66D3789E-4D78-4B22-950E-0E55FDCEE0CD}
		{8F426DBF-043C-4004-ADE3-CA77C6B8AB92} = {EE855232-69C3-4A63-BE6A-D62E7B365320}
		{9E8185BA-F67D-4D97-BBCF-667CD23F3C11} = {66D3789E-4D78-4B22-950E-0E55FDCEE0CD}
		{97553E41-DD1C-4B6E-AD62-0DCA8D0FC811} = {9E8185BA-F67D-4D97-BBCF-667CD23F3C11}
		{A8699EBC-6D08-4C62-BF88-833BB91178B5} = {9E8185BA-F67D-4D97-BBCF-667CD23F3C11}
	EndGlobalSection
EndGlobal
